
Microsoft Visual Studio Solution File, Format Version 12.00
# Visual Studio Version 16
VisualStudioVersion = 16.0.29009.5
MinimumVisualStudioVersion = 10.0.40219.1
Project("{2150E333-8FDC-42A3-9474-1A3956D46DE8}") = "0.Shared", "0.Shared", "{85B141B4-615A-4FF0-9A44-193F0CBC708F}"
EndProject
Project("{2150E333-8FDC-42A3-9474-1A3956D46DE8}") = "1.Model", "1.Model", "{9EB20B39-570D-43D9-8DBE-BA8562704880}"
EndProject
Project("{2150E333-8FDC-42A3-9474-1A3956D46DE8}") = "2.DataAccess", "2.DataAccess", "{817E1407-7067-481B-9A31-3C7FEADB68E9}"
EndProject
Project("{2150E333-8FDC-42A3-9474-1A3956D46DE8}") = "3.Framework", "3.Framework", "{0FA4D1A8-7B1C-4B84-95EE-4FBD0F94B588}"
EndProject
Project("{2150E333-8FDC-42A3-9474-1A3956D46DE8}") = "4.Service", "4.Service", "{EB88FD37-9C7C-410B-98E7-F39AB8E9FF28}"
EndProject
Project("{2150E333-8FDC-42A3-9474-1A3956D46DE8}") = "5.WebApi", "5.WebApi", "{E415FB50-B45A-4AE1-A371-A7C83799FFC5}"
EndProject
Project("{9A19103F-16F7-4668-BE54-9A1E7A4F7556}") = "PoJun.Shadow.Code", "PoJun.Shadow.Shared\PoJun.Shadow.Code\PoJun.Shadow.Code.csproj", "{14F56DFA-DCDD-4F1D-9D5D-64CC6A337848}"
EndProject
Project("{9A19103F-16F7-4668-BE54-9A1E7A4F7556}") = "PoJun.Shadow.ContractModel", "PoJun.Shadow.Shared\PoJun.Shadow.ContractModel\PoJun.Shadow.ContractModel.csproj", "{42BAEB7C-731A-4EB9-9CA5-8ED3DB0FAE51}"
EndProject
Project("{9A19103F-16F7-4668-BE54-9A1E7A4F7556}") = "PoJun.Shadow.Entity", "PoJun.Shadow.Shared\PoJun.Shadow.Entity\PoJun.Shadow.Entity.csproj", "{FD983D8E-EE24-4AF9-BD65-5AE12E3A596C}"
EndProject
Project("{9A19103F-16F7-4668-BE54-9A1E7A4F7556}") = "PoJun.Shadow.Enum", "PoJun.Shadow.Shared\PoJun.Shadow.Enum\PoJun.Shadow.Enum.csproj", "{45D460B0-ED39-422E-9383-F6E03A605A88}"
EndProject
Project("{9A19103F-16F7-4668-BE54-9A1E7A4F7556}") = "PoJun.Shadow.Exception", "PoJun.Shadow.Shared\PoJun.Shadow.Exception\PoJun.Shadow.Exception.csproj", "{0E59ED61-E19C-4F38-88AB-F4F2B71BB690}"
EndProject
Project("{9A19103F-16F7-4668-BE54-9A1E7A4F7556}") = "PoJun.Shadow.Repository", "PoJun.Shadow.Shared\PoJun.Shadow.Repository\PoJun.Shadow.Repository.csproj", "{4250C351-A5D0-47D5-B860-EF67348AD1FA}"
EndProject
Project("{9A19103F-16F7-4668-BE54-9A1E7A4F7556}") = "PoJun.Shadow.Tools", "PoJun.Shadow.Shared\PoJun.Shadow.Tools\PoJun.Shadow.Tools.csproj", "{E6FABA19-C9FB-4523-A68C-9C2C276CB177}"
EndProject
Project("{9A19103F-16F7-4668-BE54-9A1E7A4F7556}") = "PoJun.Shadow.Api.ContractModel", "PoJun.Shadow.API\PoJun.Shadow.Api.ContractModel\PoJun.Shadow.Api.ContractModel.csproj", "{94003915-712E-4D4A-B73B-AE9FD9AA7AEF}"
EndProject
Project("{9A19103F-16F7-4668-BE54-9A1E7A4F7556}") = "PoJun.Shadow.Api.IRepository", "PoJun.Shadow.API\PoJun.Shadow.Api.IRepository\PoJun.Shadow.Api.IRepository.csproj", "{EB2B9D56-DF86-4C1B-A620-768392A84B82}"
EndProject
Project("{9A19103F-16F7-4668-BE54-9A1E7A4F7556}") = "PoJun.Shadow.Api.MongoDBRepository", "PoJun.Shadow.API\PoJun.Shadow.Api.MongoDBRepository\PoJun.Shadow.Api.MongoDBRepository.csproj", "{BFBD9296-3EF5-4B5C-8C28-79041E1A7E2D}"
EndProject
Project("{9A19103F-16F7-4668-BE54-9A1E7A4F7556}") = "PoJun.Shadow.Api.MySqlRepository", "PoJun.Shadow.API\PoJun.Shadow.Api.MySqlRepository\PoJun.Shadow.Api.MySqlRepository.csproj", "{7AD90741-0230-4BAA-8D02-87AF39A9BF99}"
EndProject
Project("{9A19103F-16F7-4668-BE54-9A1E7A4F7556}") = "PoJun.Shadow.Api.SqlServerRepository", "PoJun.Shadow.API\PoJun.Shadow.Api.SqlServerRepository\PoJun.Shadow.Api.SqlServerRepository.csproj", "{906C1A44-D63F-4380-BDFB-44F433338E1E}"
EndProject
Project("{9A19103F-16F7-4668-BE54-9A1E7A4F7556}") = "PoJun.Shadow.LogFramework", "PoJun.Shadow.Framework\PoJun.Shadow.LogFramework\PoJun.Shadow.LogFramework.csproj", "{2BA9AA8F-EC7A-4F48-9A30-A876E48ACD07}"
EndProject
Project("{9A19103F-16F7-4668-BE54-9A1E7A4F7556}") = "PoJun.Shadow.IFramework", "PoJun.Shadow.Framework\PoJun.Shadow.IFramework\PoJun.Shadow.IFramework.csproj", "{6E00352E-3273-4708-AC07-462ECBF59485}"
EndProject
Project("{9A19103F-16F7-4668-BE54-9A1E7A4F7556}") = "PoJun.Shadow.Api.IService", "PoJun.Shadow.API\PoJun.Shadow.Api.IService\PoJun.Shadow.Api.IService.csproj", "{FB6B84A0-F1B8-4068-90FB-CB5931057E6D}"
EndProject
Project("{9A19103F-16F7-4668-BE54-9A1E7A4F7556}") = "PoJun.Shadow.Api.Service", "PoJun.Shadow.API\PoJun.Shadow.Api.Service\PoJun.Shadow.Api.Service.csproj", "{37F3BA1B-FBFD-4753-997D-FBFC0D19DFF6}"
EndProject
Project("{9A19103F-16F7-4668-BE54-9A1E7A4F7556}") = "PoJun.Shadow.BaseFramework", "PoJun.Shadow.Framework\PoJun.Shadow.BaseFramework\PoJun.Shadow.BaseFramework.csproj", "{7CA7E530-11AD-4EB9-8427-F7ED0A0826A4}"
EndProject
Project("{9A19103F-16F7-4668-BE54-9A1E7A4F7556}") = "PoJun.Shadow.WebApi", "PoJun.Shadow.API\PoJun.Shadow.WebApi\PoJun.Shadow.WebApi.csproj", "{86E1221D-ED00-4D4C-B746-F8449C7E9EEB}"
EndProject
Global
	GlobalSection(SolutionConfigurationPlatforms) = preSolution
		Debug|Any CPU = Debug|Any CPU
		Release|Any CPU = Release|Any CPU
	EndGlobalSection
	GlobalSection(ProjectConfigurationPlatforms) = postSolution
		{14F56DFA-DCDD-4F1D-9D5D-64CC6A337848}.Debug|Any CPU.ActiveCfg = Debug|Any CPU
		{14F56DFA-DCDD-4F1D-9D5D-64CC6A337848}.Debug|Any CPU.Build.0 = Debug|Any CPU
		{14F56DFA-DCDD-4F1D-9D5D-64CC6A337848}.Release|Any CPU.ActiveCfg = Release|Any CPU
		{14F56DFA-DCDD-4F1D-9D5D-64CC6A337848}.Release|Any CPU.Build.0 = Release|Any CPU
		{42BAEB7C-731A-4EB9-9CA5-8ED3DB0FAE51}.Debug|Any CPU.ActiveCfg = Debug|Any CPU
		{42BAEB7C-731A-4EB9-9CA5-8ED3DB0FAE51}.Debug|Any CPU.Build.0 = Debug|Any CPU
		{42BAEB7C-731A-4EB9-9CA5-8ED3DB0FAE51}.Release|Any CPU.ActiveCfg = Release|Any CPU
		{42BAEB7C-731A-4EB9-9CA5-8ED3DB0FAE51}.Release|Any CPU.Build.0 = Release|Any CPU
		{FD983D8E-EE24-4AF9-BD65-5AE12E3A596C}.Debug|Any CPU.ActiveCfg = Debug|Any CPU
		{FD983D8E-EE24-4AF9-BD65-5AE12E3A596C}.Debug|Any CPU.Build.0 = Debug|Any CPU
		{FD983D8E-EE24-4AF9-BD65-5AE12E3A596C}.Release|Any CPU.ActiveCfg = Release|Any CPU
		{FD983D8E-EE24-4AF9-BD65-5AE12E3A596C}.Release|Any CPU.Build.0 = Release|Any CPU
		{45D460B0-ED39-422E-9383-F6E03A605A88}.Debug|Any CPU.ActiveCfg = Debug|Any CPU
		{45D460B0-ED39-422E-9383-F6E03A605A88}.Debug|Any CPU.Build.0 = Debug|Any CPU
		{45D460B0-ED39-422E-9383-F6E03A605A88}.Release|Any CPU.ActiveCfg = Release|Any CPU
		{45D460B0-ED39-422E-9383-F6E03A605A88}.Release|Any CPU.Build.0 = Release|Any CPU
		{0E59ED61-E19C-4F38-88AB-F4F2B71BB690}.Debug|Any CPU.ActiveCfg = Debug|Any CPU
		{0E59ED61-E19C-4F38-88AB-F4F2B71BB690}.Debug|Any CPU.Build.0 = Debug|Any CPU
		{0E59ED61-E19C-4F38-88AB-F4F2B71BB690}.Release|Any CPU.ActiveCfg = Release|Any CPU
		{0E59ED61-E19C-4F38-88AB-F4F2B71BB690}.Release|Any CPU.Build.0 = Release|Any CPU
		{4250C351-A5D0-47D5-B860-EF67348AD1FA}.Debug|Any CPU.ActiveCfg = Debug|Any CPU
		{4250C351-A5D0-47D5-B860-EF67348AD1FA}.Debug|Any CPU.Build.0 = Debug|Any CPU
		{4250C351-A5D0-47D5-B860-EF67348AD1FA}.Release|Any CPU.ActiveCfg = Release|Any CPU
		{4250C351-A5D0-47D5-B860-EF67348AD1FA}.Release|Any CPU.Build.0 = Release|Any CPU
		{E6FABA19-C9FB-4523-A68C-9C2C276CB177}.Debug|Any CPU.ActiveCfg = Debug|Any CPU
		{E6FABA19-C9FB-4523-A68C-9C2C276CB177}.Debug|Any CPU.Build.0 = Debug|Any CPU
		{E6FABA19-C9FB-4523-A68C-9C2C276CB177}.Release|Any CPU.ActiveCfg = Release|Any CPU
		{E6FABA19-C9FB-4523-A68C-9C2C276CB177}.Release|Any CPU.Build.0 = Release|Any CPU
		{94003915-712E-4D4A-B73B-AE9FD9AA7AEF}.Debug|Any CPU.ActiveCfg = Debug|Any CPU
		{94003915-712E-4D4A-B73B-AE9FD9AA7AEF}.Debug|Any CPU.Build.0 = Debug|Any CPU
		{94003915-712E-4D4A-B73B-AE9FD9AA7AEF}.Release|Any CPU.ActiveCfg = Release|Any CPU
		{94003915-712E-4D4A-B73B-AE9FD9AA7AEF}.Release|Any CPU.Build.0 = Release|Any CPU
		{EB2B9D56-DF86-4C1B-A620-768392A84B82}.Debug|Any CPU.ActiveCfg = Debug|Any CPU
		{EB2B9D56-DF86-4C1B-A620-768392A84B82}.Debug|Any CPU.Build.0 = Debug|Any CPU
		{EB2B9D56-DF86-4C1B-A620-768392A84B82}.Release|Any CPU.ActiveCfg = Release|Any CPU
		{EB2B9D56-DF86-4C1B-A620-768392A84B82}.Release|Any CPU.Build.0 = Release|Any CPU
		{BFBD9296-3EF5-4B5C-8C28-79041E1A7E2D}.Debug|Any CPU.ActiveCfg = Debug|Any CPU
		{BFBD9296-3EF5-4B5C-8C28-79041E1A7E2D}.Debug|Any CPU.Build.0 = Debug|Any CPU
		{BFBD9296-3EF5-4B5C-8C28-79041E1A7E2D}.Release|Any CPU.ActiveCfg = Release|Any CPU
		{BFBD9296-3EF5-4B5C-8C28-79041E1A7E2D}.Release|Any CPU.Build.0 = Release|Any CPU
		{7AD90741-0230-4BAA-8D02-87AF39A9BF99}.Debug|Any CPU.ActiveCfg = Debug|Any CPU
		{7AD90741-0230-4BAA-8D02-87AF39A9BF99}.Debug|Any CPU.Build.0 = Debug|Any CPU
		{7AD90741-0230-4BAA-8D02-87AF39A9BF99}.Release|Any CPU.ActiveCfg = Release|Any CPU
		{7AD90741-0230-4BAA-8D02-87AF39A9BF99}.Release|Any CPU.Build.0 = Release|Any CPU
		{906C1A44-D63F-4380-BDFB-44F433338E1E}.Debug|Any CPU.ActiveCfg = Debug|Any CPU
		{906C1A44-D63F-4380-BDFB-44F433338E1E}.Debug|Any CPU.Build.0 = Debug|Any CPU
		{906C1A44-D63F-4380-BDFB-44F433338E1E}.Release|Any CPU.ActiveCfg = Release|Any CPU
		{906C1A44-D63F-4380-BDFB-44F433338E1E}.Release|Any CPU.Build.0 = Release|Any CPU
		{2BA9AA8F-EC7A-4F48-9A30-A876E48ACD07}.Debug|Any CPU.ActiveCfg = Debug|Any CPU
		{2BA9AA8F-EC7A-4F48-9A30-A876E48ACD07}.Debug|Any CPU.Build.0 = Debug|Any CPU
		{2BA9AA8F-EC7A-4F48-9A30-A876E48ACD07}.Release|Any CPU.ActiveCfg = Release|Any CPU
		{2BA9AA8F-EC7A-4F48-9A30-A876E48ACD07}.Release|Any CPU.Build.0 = Release|Any CPU
		{6E00352E-3273-4708-AC07-462ECBF59485}.Debug|Any CPU.ActiveCfg = Debug|Any CPU
		{6E00352E-3273-4708-AC07-462ECBF59485}.Debug|Any CPU.Build.0 = Debug|Any CPU
		{6E00352E-3273-4708-AC07-462ECBF59485}.Release|Any CPU.ActiveCfg = Release|Any CPU
		{6E00352E-3273-4708-AC07-462ECBF59485}.Release|Any CPU.Build.0 = Release|Any CPU
		{FB6B84A0-F1B8-4068-90FB-CB5931057E6D}.Debug|Any CPU.ActiveCfg = Debug|Any CPU
		{FB6B84A0-F1B8-4068-90FB-CB5931057E6D}.Debug|Any CPU.Build.0 = Debug|Any CPU
		{FB6B84A0-F1B8-4068-90FB-CB5931057E6D}.Release|Any CPU.ActiveCfg = Release|Any CPU
		{FB6B84A0-F1B8-4068-90FB-CB5931057E6D}.Release|Any CPU.Build.0 = Release|Any CPU
		{37F3BA1B-FBFD-4753-997D-FBFC0D19DFF6}.Debug|Any CPU.ActiveCfg = Debug|Any CPU
		{37F3BA1B-FBFD-4753-997D-FBFC0D19DFF6}.Debug|Any CPU.Build.0 = Debug|Any CPU
		{37F3BA1B-FBFD-4753-997D-FBFC0D19DFF6}.Release|Any CPU.ActiveCfg = Release|Any CPU
		{37F3BA1B-FBFD-4753-997D-FBFC0D19DFF6}.Release|Any CPU.Build.0 = Release|Any CPU
		{7CA7E530-11AD-4EB9-8427-F7ED0A0826A4}.Debug|Any CPU.ActiveCfg = Debug|Any CPU
		{7CA7E530-11AD-4EB9-8427-F7ED0A0826A4}.Debug|Any CPU.Build.0 = Debug|Any CPU
		{7CA7E530-11AD-4EB9-8427-F7ED0A0826A4}.Release|Any CPU.ActiveCfg = Release|Any CPU
		{7CA7E530-11AD-4EB9-8427-F7ED0A0826A4}.Release|Any CPU.Build.0 = Release|Any CPU
		{86E1221D-ED00-4D4C-B746-F8449C7E9EEB}.Debug|Any CPU.ActiveCfg = Debug|Any CPU
		{86E1221D-ED00-4D4C-B746-F8449C7E9EEB}.Debug|Any CPU.Build.0 = Debug|Any CPU
		{86E1221D-ED00-4D4C-B746-F8449C7E9EEB}.Release|Any CPU.ActiveCfg = Release|Any CPU
		{86E1221D-ED00-4D4C-B746-F8449C7E9EEB}.Release|Any CPU.Build.0 = Release|Any CPU
	EndGlobalSection
	GlobalSection(SolutionProperties) = preSolution
		HideSolutionNode = FALSE
	EndGlobalSection
	GlobalSection(NestedProjects) = preSolution
		{14F56DFA-DCDD-4F1D-9D5D-64CC6A337848} = {85B141B4-615A-4FF0-9A44-193F0CBC708F}
		{42BAEB7C-731A-4EB9-9CA5-8ED3DB0FAE51} = {85B141B4-615A-4FF0-9A44-193F0CBC708F}
		{FD983D8E-EE24-4AF9-BD65-5AE12E3A596C} = {85B141B4-615A-4FF0-9A44-193F0CBC708F}
		{45D460B0-ED39-422E-9383-F6E03A605A88} = {85B141B4-615A-4FF0-9A44-193F0CBC708F}
		{0E59ED61-E19C-4F38-88AB-F4F2B71BB690} = {85B141B4-615A-4FF0-9A44-193F0CBC708F}
		{4250C351-A5D0-47D5-B860-EF67348AD1FA} = {85B141B4-615A-4FF0-9A44-193F0CBC708F}
		{E6FABA19-C9FB-4523-A68C-9C2C276CB177} = {85B141B4-615A-4FF0-9A44-193F0CBC708F}
		{94003915-712E-4D4A-B73B-AE9FD9AA7AEF} = {9EB20B39-570D-43D9-8DBE-BA8562704880}
		{EB2B9D56-DF86-4C1B-A620-768392A84B82} = {817E1407-7067-481B-9A31-3C7FEADB68E9}
		{BFBD9296-3EF5-4B5C-8C28-79041E1A7E2D} = {817E1407-7067-481B-9A31-3C7FEADB68E9}
		{7AD90741-0230-4BAA-8D02-87AF39A9BF99} = {817E1407-7067-481B-9A31-3C7FEADB68E9}
		{906C1A44-D63F-4380-BDFB-44F433338E1E} = {817E1407-7067-481B-9A31-3C7FEADB68E9}
		{2BA9AA8F-EC7A-4F48-9A30-A876E48ACD07} = {0FA4D1A8-7B1C-4B84-95EE-4FBD0F94B588}
		{6E00352E-3273-4708-AC07-462ECBF59485} = {0FA4D1A8-7B1C-4B84-95EE-4FBD0F94B588}
		{FB6B84A0-F1B8-4068-90FB-CB5931057E6D} = {EB88FD37-9C7C-410B-98E7-F39AB8E9FF28}
		{37F3BA1B-FBFD-4753-997D-FBFC0D19DFF6} = {EB88FD37-9C7C-410B-98E7-F39AB8E9FF28}
		{7CA7E530-11AD-4EB9-8427-F7ED0A0826A4} = {0FA4D1A8-7B1C-4B84-95EE-4FBD0F94B588}
		{86E1221D-ED00-4D4C-B746-F8449C7E9EEB} = {E415FB50-B45A-4AE1-A371-A7C83799FFC5}
	EndGlobalSection
	GlobalSection(ExtensibilityGlobals) = postSolution
		SolutionGuid = {1ECD5220-758E-4B1F-94E6-0A017F613A7C}
	EndGlobalSection
EndGlobal
